
Microsoft Visual Studio Solution File, Format Version 12.00
# Visual Studio Version 17
VisualStudioVersion = 17.1.32228.430
MinimumVisualStudioVersion = 10.0.40219.1
Project("{FAE04EC0-301F-11D3-BF4B-00C04F79EFBC}") = "lab7_2", "lab7_2\lab7_2.csproj", "{F8345580-2D0D-43B9-B6E8-8834E67E74CA}"
EndProject
Global
	GlobalSection(SolutionConfigurationPlatforms) = preSolution
		Debug|Any CPU = Debug|Any CPU
		Release|Any CPU = Release|Any CPU
	EndGlobalSection
	GlobalSection(ProjectConfigurationPlatforms) = postSolution
		{F8345580-2D0D-43B9-B6E8-8834E67E74CA}.Debug|Any CPU.ActiveCfg = Debug|Any CPU
		{F8345580-2D0D-43B9-B6E8-8834E67E74CA}.Debug|Any CPU.Build.0 = Debug|Any CPU
		{F8345580-2D0D-43B9-B6E8-8834E67E74CA}.Release|Any CPU.ActiveCfg = Release|Any CPU
		{F8345580-2D0D-43B9-B6E8-8834E67E74CA}.Release|Any CPU.Build.0 = Release|Any CPU
	EndGlobalSection
	GlobalSection(SolutionProperties) = preSolution
		HideSolutionNode = FALSE
	EndGlobalSection
	GlobalSection(ExtensibilityGlobals) = postSolution
		SolutionGuid = {3AE4BDB6-274E-4C17-861C-71CF40C0EBD5}
	EndGlobalSection
EndGlobal
